
Microsoft Visual Studio Solution File, Format Version 12.00
# Visual Studio Version 17
VisualStudioVersion = 17.13.36105.23 d17.13
MinimumVisualStudioVersion = 10.0.40219.1
Project("{FAE04EC0-301F-11D3-BF4B-00C04F79EFBC}") = "8 Gerade oder ungerade", "8 Gerade oder ungerade\8 Gerade oder ungerade.csproj", "{19E8B7C0-DF56-4DDD-9358-3C3745D9B2A5}"
EndProject
Global
	GlobalSection(SolutionConfigurationPlatforms) = preSolution
		Debug|Any CPU = Debug|Any CPU
		Release|Any CPU = Release|Any CPU
	EndGlobalSection
	GlobalSection(ProjectConfigurationPlatforms) = postSolution
		{19E8B7C0-DF56-4DDD-9358-3C3745D9B2A5}.Debug|Any CPU.ActiveCfg = Debug|Any CPU
		{19E8B7C0-DF56-4DDD-9358-3C3745D9B2A5}.Debug|Any CPU.Build.0 = Debug|Any CPU
		{19E8B7C0-DF56-4DDD-9358-3C3745D9B2A5}.Release|Any CPU.ActiveCfg = Release|Any CPU
		{19E8B7C0-DF56-4DDD-9358-3C3745D9B2A5}.Release|Any CPU.Build.0 = Release|Any CPU
	EndGlobalSection
	GlobalSection(SolutionProperties) = preSolution
		HideSolutionNode = FALSE
	EndGlobalSection
	GlobalSection(ExtensibilityGlobals) = postSolution
		SolutionGuid = {B569D844-BEC0-446A-A464-F50A657D1E85}
	EndGlobalSection
EndGlobal
