
Microsoft Visual Studio Solution File, Format Version 12.00
# Visual Studio Version 17
VisualStudioVersion = 17.14.36119.2 d17.14
MinimumVisualStudioVersion = 10.0.40219.1
Project("{FAE04EC0-301F-11D3-BF4B-00C04F79EFBC}") = "1000 WPF test", "1000 WPF test\1000 WPF test.csproj", "{5761284C-E826-4DB7-B499-839BDB89251B}"
EndProject
Global
	GlobalSection(SolutionConfigurationPlatforms) = preSolution
		Debug|Any CPU = Debug|Any CPU
		Release|Any CPU = Release|Any CPU
	EndGlobalSection
	GlobalSection(ProjectConfigurationPlatforms) = postSolution
		{5761284C-E826-4DB7-B499-839BDB89251B}.Debug|Any CPU.ActiveCfg = Debug|Any CPU
		{5761284C-E826-4DB7-B499-839BDB89251B}.Debug|Any CPU.Build.0 = Debug|Any CPU
		{5761284C-E826-4DB7-B499-839BDB89251B}.Release|Any CPU.ActiveCfg = Release|Any CPU
		{5761284C-E826-4DB7-B499-839BDB89251B}.Release|Any CPU.Build.0 = Release|Any CPU
	EndGlobalSection
	GlobalSection(SolutionProperties) = preSolution
		HideSolutionNode = FALSE
	EndGlobalSection
	GlobalSection(ExtensibilityGlobals) = postSolution
		SolutionGuid = {134A7177-E3B0-4288-92D2-A7BB2F13666A}
	EndGlobalSection
EndGlobal
