
Microsoft Visual Studio Solution File, Format Version 12.00
# Visual Studio Version 17
VisualStudioVersion = 17.13.36105.23 d17.13
MinimumVisualStudioVersion = 10.0.40219.1
Project("{FAE04EC0-301F-11D3-BF4B-00C04F79EFBC}") = "7 Summe 1 bis n", "7 Summe 1 bis n\7 Summe 1 bis n.csproj", "{AB81B826-C34F-44C8-B8E3-71802C574A21}"
EndProject
Global
	GlobalSection(SolutionConfigurationPlatforms) = preSolution
		Debug|Any CPU = Debug|Any CPU
		Release|Any CPU = Release|Any CPU
	EndGlobalSection
	GlobalSection(ProjectConfigurationPlatforms) = postSolution
		{AB81B826-C34F-44C8-B8E3-71802C574A21}.Debug|Any CPU.ActiveCfg = Debug|Any CPU
		{AB81B826-C34F-44C8-B8E3-71802C574A21}.Debug|Any CPU.Build.0 = Debug|Any CPU
		{AB81B826-C34F-44C8-B8E3-71802C574A21}.Release|Any CPU.ActiveCfg = Release|Any CPU
		{AB81B826-C34F-44C8-B8E3-71802C574A21}.Release|Any CPU.Build.0 = Release|Any CPU
	EndGlobalSection
	GlobalSection(SolutionProperties) = preSolution
		HideSolutionNode = FALSE
	EndGlobalSection
	GlobalSection(ExtensibilityGlobals) = postSolution
		SolutionGuid = {069D72D7-B7DF-431A-B5D3-31FFB2CC4AFB}
	EndGlobalSection
EndGlobal
